{
  "version": 4,
  "terraform_version": "1.5.7",
  "serial": 169,
  "lineage": "647510e6-185e-9161-0269-8abebe98ddd9",
  "outputs": {},
  "resources": [
    {
      "mode": "data",
      "type": "http",
      "name": "my_public_ip",
      "provider": "provider[\"registry.terraform.io/hashicorp/http\"]",
      "instances": [
        {
          "schema_version": 0,
          "attributes": {
            "body": "158.193.177.10\n",
            "ca_cert_pem": null,
            "id": "http://ipv4.icanhazip.com",
            "insecure": null,
            "method": null,
            "request_body": null,
            "request_headers": null,
            "request_timeout_ms": null,
            "response_body": "158.193.177.10\n",
            "response_body_base64": "MTU4LjE5My4xNzcuMTAK",
            "response_headers": {
              "Access-Control-Allow-Methods": "GET",
              "Access-Control-Allow-Origin": "*",
              "Alt-Svc": "h3=\":443\"; ma=86400",
              "Cf-Ray": "81d4ad9ccb3ec22b-VIE",
              "Connection": "keep-alive",
              "Content-Length": "15",
              "Content-Type": "text/plain",
              "Date": "Sat, 28 Oct 2023 16:50:30 GMT",
              "Server": "cloudflare",
              "Set-Cookie": "__cf_bm=VJn.xrc0SVZa4IEUTiYZi4XVI9aMxPOFGAWKYHjqFFM-1698511830-0-AXNIN2HvBGDBk1JLCQEriyHS/cMD3hCwI5n934iH5doNZ1b1F4JgAj9X57zZH/bjcr0F+rduwbsOV799u9ANRbg=; path=/; expires=Sat, 28-Oct-23 17:20:30 GMT; domain=.icanhazip.com; HttpOnly; SameSite=None",
              "Vary": "Accept-Encoding"
            },
            "retry": null,
            "status_code": 200,
            "url": "http://ipv4.icanhazip.com"
          },
          "sensitive_attributes": []
        }
      ]
    },
    {
      "mode": "managed",
      "type": "openstack_compute_keypair_v2",
      "name": "keypair",
      "provider": "provider[\"registry.terraform.io/terraform-provider-openstack/openstack\"]",
      "instances": [
        {
          "schema_version": 0,
          "attributes": {
            "fingerprint": "c8:cc:7a:58:42:6b:e9:fc:fa:0d:19:29:e0:c8:cb:c3",
            "id": "ONPK1-key",
            "name": "ONPK1-key",
            "private_key": "",
            "public_key": "ssh-rsa AAAAB3NzaC1yc2EAAAADAQABAAABAQDEc3eVfn/wjRcWWEoZjBXiCW5lwrLh2A11fuPZcKl1GSAg5OtLSKacJXHjKGLnuJVqFPxiLT4A0OPc9A0gk8TRueNi7mfauKiHjlldcI2oF9ueMyyhBvyHtcsHftG4iUJ4Za3KvsDwXM1UdRFO17tgxXrwcYhe0T1wYIbeLvO8L+Vembec+sp81sL8UM7jjc94hve1JP6j2B91/i+s8UecZqTx5cvFHZghRk8BpsD62CWGEosbYOb9iqq29NuypJrQzScEjUnnZ2AAi9iNaebqn8ECdOOXv7NqOEVOBG0xPZtoH0DKlIUYS9uVQXLNsHIqfOIpeckVfb/fVSCEz4lr",
            "region": "RegionOne",
            "user_id": "",
            "value_specs": null
          },
          "sensitive_attributes": [],
          "private": "bnVsbA=="
        }
      ]
    },
    {
      "module": "module.instance",
      "mode": "data",
      "type": "openstack_compute_flavor_v2",
      "name": "flavor",
      "provider": "provider[\"registry.terraform.io/terraform-provider-openstack/openstack\"]",
      "instances": [
        {
          "schema_version": 0,
          "attributes": {
            "description": "",
            "disk": 20,
            "extra_specs": {},
            "flavor_id": "82a07c57-1188-4218-ad4a-15ce5c7ce6ca",
            "id": "82a07c57-1188-4218-ad4a-15ce5c7ce6ca",
            "is_public": true,
            "min_disk": null,
            "min_ram": null,
            "name": "2c2r20d",
            "ram": 2048,
            "region": null,
            "rx_tx_factor": 1,
            "swap": 0,
            "vcpus": 2
          },
          "sensitive_attributes": []
        }
      ]
    },
    {
      "module": "module.instance",
      "mode": "data",
      "type": "openstack_images_image_v2",
      "name": "image",
      "provider": "provider[\"registry.terraform.io/terraform-provider-openstack/openstack\"]",
      "instances": [
        {
          "schema_version": 0,
          "attributes": {
            "checksum": "a61fc44fdd56c047f736164943b17dbe",
            "container_format": "bare",
            "created_at": "2023-10-13T09:00:31Z",
            "disk_format": "raw",
            "file": "/v2/images/df3c4dc8-6a1e-4e5c-8a52-afe5112e06d0/file",
            "hidden": false,
            "id": "df3c4dc8-6a1e-4e5c-8a52-afe5112e06d0",
            "member_status": null,
            "metadata": {},
            "min_disk_gb": 3,
            "min_ram_mb": 512,
            "most_recent": false,
            "name": "ubuntu-22.04-kis",
            "name_regex": null,
            "owner": "f443a8d1ea214f17888970815e94d1a3",
            "properties": {
              "direct_url": "rbd://28ef01b0-2233-11ee-be37-bf19955d91f2/glance/df3c4dc8-6a1e-4e5c-8a52-afe5112e06d0/snap",
              "os_hash_algo": "sha512",
              "os_hash_value": "727cedcef651d005004989e8510765e38d0db8ad64b6e865029f20b03997364e6c95d126f63439a74e245cde4f9434a23f2ed394eac7c0e2df6cb0c3a13abded",
              "stores": "ceph"
            },
            "protected": false,
            "region": "RegionOne",
            "schema": "/v2/schemas/image",
            "size_bytes": 2361393152,
            "size_max": null,
            "size_min": null,
            "sort_direction": "asc",
            "sort_key": "name",
            "tag": null,
            "tags": [],
            "updated_at": "2023-10-13T09:02:07Z",
            "visibility": "public"
          },
          "sensitive_attributes": []
        }
      ]
    },
    {
      "module": "module.instance",
      "mode": "managed",
      "type": "openstack_compute_instance_v2",
      "name": "instance",
      "provider": "provider[\"registry.terraform.io/terraform-provider-openstack/openstack\"]",
      "instances": [
        {
          "schema_version": 0,
          "attributes": {
            "access_ip_v4": "158.193.154.201",
            "access_ip_v6": "",
            "admin_pass": null,
            "all_metadata": {},
            "all_tags": [],
            "availability_zone": "nova",
            "availability_zone_hints": null,
            "block_device": [],
            "config_drive": null,
            "created": "2023-10-28 16:50:48 +0000 UTC",
            "flavor_id": "82a07c57-1188-4218-ad4a-15ce5c7ce6ca",
            "flavor_name": "2c2r20d",
            "floating_ip": null,
            "force_delete": false,
            "id": "ffe30a8d-1268-4e90-9350-30a2edee0c2a",
            "image_id": "df3c4dc8-6a1e-4e5c-8a52-afe5112e06d0",
            "image_name": "ubuntu-22.04-kis",
            "key_pair": "ONPK1-key",
            "metadata": null,
            "name": "jump_box",
            "network": [
              {
                "access_network": false,
                "fixed_ip_v4": "158.193.154.201",
                "fixed_ip_v6": "",
                "floating_ip": "",
                "mac": "fa:16:3e:1a:11:59",
                "name": "ext-net-154",
                "port": "",
                "uuid": "3b3d6331-6050-497b-826f-4144382160bd"
              },
              {
                "access_network": false,
                "fixed_ip_v4": "10.10.10.42",
                "fixed_ip_v6": "",
                "floating_ip": "",
                "mac": "fa:16:3e:f5:ab:2a",
                "name": "local_private",
                "port": "",
                "uuid": "01e8ac9c-1896-4f20-910a-e54341fc4858"
              }
            ],
            "network_mode": null,
            "personality": [],
            "power_state": "active",
            "region": "RegionOne",
            "scheduler_hints": [],
            "security_groups": [
              "jump_sec_gr"
            ],
            "stop_before_destroy": false,
            "tags": null,
            "timeouts": null,
            "updated": "2023-10-28 16:51:02 +0000 UTC",
            "user_data": null,
            "vendor_options": [],
            "volume": []
          },
          "sensitive_attributes": [],
          "private": "eyJlMmJmYjczMC1lY2FhLTExZTYtOGY4OC0zNDM2M2JjN2M0YzAiOnsiY3JlYXRlIjoxODAwMDAwMDAwMDAwLCJkZWxldGUiOjE4MDAwMDAwMDAwMDAsInVwZGF0ZSI6MTgwMDAwMDAwMDAwMH19",
          "dependencies": [
            "module.instance.data.openstack_compute_flavor_v2.flavor",
            "module.instance.data.openstack_images_image_v2.image",
            "module.instance.openstack_networking_secgroup_v2.security_group",
            "module.network.openstack_networking_network_v2.network",
            "openstack_compute_keypair_v2.keypair"
          ]
        }
      ]
    },
    {
      "module": "module.instance",
      "mode": "managed",
      "type": "openstack_networking_secgroup_rule_v2",
      "name": "security_group_rule_icmp",
      "provider": "provider[\"registry.terraform.io/terraform-provider-openstack/openstack\"]",
      "instances": [
        {
          "schema_version": 0,
          "attributes": {
            "description": "Managed by Terraform!",
            "direction": "ingress",
            "ethertype": "IPv4",
            "id": "5f4a4aca-2146-4524-b485-6f139b5d036a",
            "port_range_max": 0,
            "port_range_min": 0,
            "protocol": "icmp",
            "region": "RegionOne",
            "remote_group_id": "",
            "remote_ip_prefix": "158.193.177.10/32",
            "security_group_id": "5dc915c8-42ee-4f81-add8-1e6cd9b9748f",
            "tenant_id": "51383b27305843ff83d231da882dd344",
            "timeouts": null
          },
          "sensitive_attributes": [],
          "private": "eyJlMmJmYjczMC1lY2FhLTExZTYtOGY4OC0zNDM2M2JjN2M0YzAiOnsiZGVsZXRlIjo2MDAwMDAwMDAwMDB9fQ==",
          "dependencies": [
            "data.http.my_public_ip",
            "module.instance.openstack_networking_secgroup_v2.security_group"
          ]
        }
      ]
    },
    {
      "module": "module.instance",
      "mode": "managed",
      "type": "openstack_networking_secgroup_rule_v2",
      "name": "security_group_rule_tcp_ssh",
      "provider": "provider[\"registry.terraform.io/terraform-provider-openstack/openstack\"]",
      "instances": [
        {
          "schema_version": 0,
          "attributes": {
            "description": "Managed by Terraform!",
            "direction": "ingress",
            "ethertype": "IPv4",
            "id": "68b6d6f1-b80b-44ff-b52a-5598dbf25810",
            "port_range_max": 22,
            "port_range_min": 22,
            "protocol": "tcp",
            "region": "RegionOne",
            "remote_group_id": "",
            "remote_ip_prefix": "158.193.177.10/32",
            "security_group_id": "5dc915c8-42ee-4f81-add8-1e6cd9b9748f",
            "tenant_id": "51383b27305843ff83d231da882dd344",
            "timeouts": null
          },
          "sensitive_attributes": [],
          "private": "eyJlMmJmYjczMC1lY2FhLTExZTYtOGY4OC0zNDM2M2JjN2M0YzAiOnsiZGVsZXRlIjo2MDAwMDAwMDAwMDB9fQ==",
          "dependencies": [
            "data.http.my_public_ip",
            "module.instance.openstack_networking_secgroup_v2.security_group"
          ]
        }
      ]
    },
    {
      "module": "module.instance",
      "mode": "managed",
      "type": "openstack_networking_secgroup_rule_v2",
      "name": "security_group_rule_udp",
      "provider": "provider[\"registry.terraform.io/terraform-provider-openstack/openstack\"]",
      "instances": [
        {
          "schema_version": 0,
          "attributes": {
            "description": "Managed by Terraform!",
            "direction": "ingress",
            "ethertype": "IPv4",
            "id": "67bfaa04-982c-4456-a000-26f755e5d419",
            "port_range_max": 0,
            "port_range_min": 0,
            "protocol": "udp",
            "region": "RegionOne",
            "remote_group_id": "",
            "remote_ip_prefix": "158.193.177.10/32",
            "security_group_id": "5dc915c8-42ee-4f81-add8-1e6cd9b9748f",
            "tenant_id": "51383b27305843ff83d231da882dd344",
            "timeouts": null
          },
          "sensitive_attributes": [],
          "private": "eyJlMmJmYjczMC1lY2FhLTExZTYtOGY4OC0zNDM2M2JjN2M0YzAiOnsiZGVsZXRlIjo2MDAwMDAwMDAwMDB9fQ==",
          "dependencies": [
            "data.http.my_public_ip",
            "module.instance.openstack_networking_secgroup_v2.security_group"
          ]
        }
      ]
    },
    {
      "module": "module.instance",
      "mode": "managed",
      "type": "openstack_networking_secgroup_v2",
      "name": "security_group",
      "provider": "provider[\"registry.terraform.io/terraform-provider-openstack/openstack\"]",
      "instances": [
        {
          "schema_version": 0,
          "attributes": {
            "all_tags": [],
            "delete_default_rules": null,
            "description": "Managed by Terraform!",
            "id": "5dc915c8-42ee-4f81-add8-1e6cd9b9748f",
            "name": "jump_sec_gr",
            "region": "RegionOne",
            "tags": [],
            "tenant_id": "51383b27305843ff83d231da882dd344",
            "timeouts": null
          },
          "sensitive_attributes": [],
          "private": "eyJlMmJmYjczMC1lY2FhLTExZTYtOGY4OC0zNDM2M2JjN2M0YzAiOnsiZGVsZXRlIjo2MDAwMDAwMDAwMDB9fQ=="
        }
      ]
    },
    {
      "module": "module.network",
      "mode": "data",
      "type": "openstack_networking_network_v2",
      "name": "public_network",
      "provider": "provider[\"registry.terraform.io/terraform-provider-openstack/openstack\"]",
      "instances": [
        {
          "index_key": 0,
          "schema_version": 0,
          "attributes": {
            "admin_state_up": "true",
            "all_tags": [],
            "availability_zone_hints": [],
            "description": "",
            "dns_domain": "",
            "external": true,
            "id": "3b3d6331-6050-497b-826f-4144382160bd",
            "matching_subnet_cidr": null,
            "mtu": 1500,
            "name": "ext-net-154",
            "network_id": null,
            "region": "RegionOne",
            "segments": [],
            "shared": "true",
            "status": null,
            "subnets": [
              "0777e8eb-4586-4ea0-a92b-2f29e4fe322f"
            ],
            "tags": null,
            "tenant_id": "f443a8d1ea214f17888970815e94d1a3",
            "transparent_vlan": false
          },
          "sensitive_attributes": []
        }
      ]
    },
    {
      "module": "module.network",
      "mode": "managed",
      "type": "openstack_networking_network_v2",
      "name": "network",
      "provider": "provider[\"registry.terraform.io/terraform-provider-openstack/openstack\"]",
      "instances": [
        {
          "schema_version": 0,
          "attributes": {
            "admin_state_up": true,
            "all_tags": [],
            "availability_zone_hints": [],
            "description": "",
            "dns_domain": "",
            "external": false,
            "id": "01e8ac9c-1896-4f20-910a-e54341fc4858",
            "mtu": 1442,
            "name": "local_private",
            "port_security_enabled": false,
            "qos_policy_id": "",
            "region": "RegionOne",
            "segments": [],
            "shared": false,
            "tags": [],
            "tenant_id": "51383b27305843ff83d231da882dd344",
            "timeouts": null,
            "transparent_vlan": false,
            "value_specs": null
          },
          "sensitive_attributes": [],
          "private": "eyJlMmJmYjczMC1lY2FhLTExZTYtOGY4OC0zNDM2M2JjN2M0YzAiOnsiY3JlYXRlIjo2MDAwMDAwMDAwMDAsImRlbGV0ZSI6NjAwMDAwMDAwMDAwfX0="
        }
      ]
    },
    {
      "module": "module.network",
      "mode": "managed",
      "type": "openstack_networking_subnet_v2",
      "name": "subnet",
      "provider": "provider[\"registry.terraform.io/terraform-provider-openstack/openstack\"]",
      "instances": [
        {
          "schema_version": 0,
          "attributes": {
            "all_tags": [],
            "allocation_pool": [
              {
                "end": "10.10.10.254",
                "start": "10.10.10.2"
              }
            ],
            "allocation_pools": [
              {
                "end": "10.10.10.254",
                "start": "10.10.10.2"
              }
            ],
            "cidr": "10.10.10.0/24",
            "description": "",
            "dns_nameservers": [],
            "enable_dhcp": true,
            "gateway_ip": "10.10.10.1",
            "host_routes": [],
            "id": "29b815a5-fd87-4a43-a8d6-efe5c493fca5",
            "ip_version": 4,
            "ipv6_address_mode": "",
            "ipv6_ra_mode": "",
            "name": "",
            "network_id": "01e8ac9c-1896-4f20-910a-e54341fc4858",
            "no_gateway": false,
            "prefix_length": null,
            "region": "RegionOne",
            "service_types": [],
            "subnetpool_id": "",
            "tags": [],
            "tenant_id": "51383b27305843ff83d231da882dd344",
            "timeouts": null,
            "value_specs": null
          },
          "sensitive_attributes": [],
          "private": "eyJlMmJmYjczMC1lY2FhLTExZTYtOGY4OC0zNDM2M2JjN2M0YzAiOnsiY3JlYXRlIjo2MDAwMDAwMDAwMDAsImRlbGV0ZSI6NjAwMDAwMDAwMDAwfX0=",
          "dependencies": [
            "module.network.openstack_networking_network_v2.network"
          ]
        }
      ]
    }
  ],
  "check_results": null
}
